
Microsoft Visual Studio Solution File, Format Version 12.00
# Visual Studio Version 17
VisualStudioVersion = 17.0.31903.59
MinimumVisualStudioVersion = 10.0.40219.1
Project("{FAE04EC0-301F-11D3-BF4B-00C04F79EFBC}") = "PaymentContext.Domain", "PaymentContext.Domain\PaymentContext.Domain.csproj", "{760C102C-4D20-4858-9F71-FD292C3C5BB3}"
EndProject
Project("{FAE04EC0-301F-11D3-BF4B-00C04F79EFBC}") = "PaymentContext.Shared", "PaymentContext.Shared\PaymentContext.Shared.csproj", "{09DB911C-77CB-4870-B987-C297978461D7}"
EndProject
Project("{FAE04EC0-301F-11D3-BF4B-00C04F79EFBC}") = "PaymentContext.Tests", "PaymentContext.Tests\PaymentContext.Tests.csproj", "{BE8A5C16-52DA-432A-A703-9EA50083AC33}"
EndProject
Global
	GlobalSection(SolutionConfigurationPlatforms) = preSolution
		Debug|Any CPU = Debug|Any CPU
		Release|Any CPU = Release|Any CPU
	EndGlobalSection
	GlobalSection(SolutionProperties) = preSolution
		HideSolutionNode = FALSE
	EndGlobalSection
	GlobalSection(ProjectConfigurationPlatforms) = postSolution
		{760C102C-4D20-4858-9F71-FD292C3C5BB3}.Debug|Any CPU.ActiveCfg = Debug|Any CPU
		{760C102C-4D20-4858-9F71-FD292C3C5BB3}.Debug|Any CPU.Build.0 = Debug|Any CPU
		{760C102C-4D20-4858-9F71-FD292C3C5BB3}.Release|Any CPU.ActiveCfg = Release|Any CPU
		{760C102C-4D20-4858-9F71-FD292C3C5BB3}.Release|Any CPU.Build.0 = Release|Any CPU
		{09DB911C-77CB-4870-B987-C297978461D7}.Debug|Any CPU.ActiveCfg = Debug|Any CPU
		{09DB911C-77CB-4870-B987-C297978461D7}.Debug|Any CPU.Build.0 = Debug|Any CPU
		{09DB911C-77CB-4870-B987-C297978461D7}.Release|Any CPU.ActiveCfg = Release|Any CPU
		{09DB911C-77CB-4870-B987-C297978461D7}.Release|Any CPU.Build.0 = Release|Any CPU
		{BE8A5C16-52DA-432A-A703-9EA50083AC33}.Debug|Any CPU.ActiveCfg = Debug|Any CPU
		{BE8A5C16-52DA-432A-A703-9EA50083AC33}.Debug|Any CPU.Build.0 = Debug|Any CPU
		{BE8A5C16-52DA-432A-A703-9EA50083AC33}.Release|Any CPU.ActiveCfg = Release|Any CPU
		{BE8A5C16-52DA-432A-A703-9EA50083AC33}.Release|Any CPU.Build.0 = Release|Any CPU
	EndGlobalSection
EndGlobal
